// !$*UTF8*$!
{
	archiveVersion = 1;
	classes = {
	};
	objectVersion = 55;
	objects = {

/* Begin PBXBuildFile section */
		CEB59D5B2893729000C07949 /* Twitter_SwiftUIApp.swift in Sources */ = {isa = PBXBuildFile; fileRef = CEB59D4B2893728D00C07949 /* Twitter_SwiftUIApp.swift */; };
		CEB59D5C2893729000C07949 /* Twitter_SwiftUIApp.swift in Sources */ = {isa = PBXBuildFile; fileRef = CEB59D4B2893728D00C07949 /* Twitter_SwiftUIApp.swift */; };
		CEB59D5D2893729000C07949 /* ContentView.swift in Sources */ = {isa = PBXBuildFile; fileRef = CEB59D4C2893728D00C07949 /* ContentView.swift */; };
		CEB59D5E2893729000C07949 /* ContentView.swift in Sources */ = {isa = PBXBuildFile; fileRef = CEB59D4C2893728D00C07949 /* ContentView.swift */; };
		CEB59D5F2893729000C07949 /* Assets.xcassets in Resources */ = {isa = PBXBuildFile; fileRef = CEB59D4D2893729000C07949 /* Assets.xcassets */; };
		CEB59D602893729000C07949 /* Assets.xcassets in Resources */ = {isa = PBXBuildFile; fileRef = CEB59D4D2893729000C07949 /* Assets.xcassets */; };
		CED2A521289873F8007C6884 /* UserStatsView.swift in Sources */ = {isa = PBXBuildFile; fileRef = CED2A520289873F8007C6884 /* UserStatsView.swift */; };
		CED2A5232898794D007C6884 /* SideMenuOptionRowView.swift in Sources */ = {isa = PBXBuildFile; fileRef = CED2A5222898794D007C6884 /* SideMenuOptionRowView.swift */; };
		CED2A528289A9684007C6884 /* NewTweetView.swift in Sources */ = {isa = PBXBuildFile; fileRef = CED2A527289A9684007C6884 /* NewTweetView.swift */; };
		CED2A52A289A97B3007C6884 /* TextArea.swift in Sources */ = {isa = PBXBuildFile; fileRef = CED2A529289A97B3007C6884 /* TextArea.swift */; };
		CED2A52F289C3240007C6884 /* LoginView.swift in Sources */ = {isa = PBXBuildFile; fileRef = CED2A52E289C3240007C6884 /* LoginView.swift */; };
		CED2A531289C3250007C6884 /* RegistrationView.swift in Sources */ = {isa = PBXBuildFile; fileRef = CED2A530289C3250007C6884 /* RegistrationView.swift */; };
		CED2A533289C3380007C6884 /* RoundedShape.swift in Sources */ = {isa = PBXBuildFile; fileRef = CED2A532289C3380007C6884 /* RoundedShape.swift */; };
		CED2A535289C3953007C6884 /* CustomInputField.swift in Sources */ = {isa = PBXBuildFile; fileRef = CED2A534289C3953007C6884 /* CustomInputField.swift */; };
		CED2A53A289C3BF5007C6884 /* AuthHeaderView.swift in Sources */ = {isa = PBXBuildFile; fileRef = CED2A539289C3BF5007C6884 /* AuthHeaderView.swift */; };
		CED2A53C289C40B4007C6884 /* GoogleService-Info.plist in Resources */ = {isa = PBXBuildFile; fileRef = CED2A53B289C40B4007C6884 /* GoogleService-Info.plist */; };
		CED2A53F289C4307007C6884 /* FirebaseAuth in Frameworks */ = {isa = PBXBuildFile; productRef = CED2A53E289C4307007C6884 /* FirebaseAuth */; };
		CED2A541289C4307007C6884 /* FirebaseFirestore in Frameworks */ = {isa = PBXBuildFile; productRef = CED2A540289C4307007C6884 /* FirebaseFirestore */; };
		CED2A543289C4307007C6884 /* FirebaseFirestoreSwift in Frameworks */ = {isa = PBXBuildFile; productRef = CED2A542289C4307007C6884 /* FirebaseFirestoreSwift */; };
		CED2A545289C4307007C6884 /* FirebaseStorage in Frameworks */ = {isa = PBXBuildFile; productRef = CED2A544289C4307007C6884 /* FirebaseStorage */; };
		CED2A547289C44AA007C6884 /* AuthViewModel.swift in Sources */ = {isa = PBXBuildFile; fileRef = CED2A546289C44AA007C6884 /* AuthViewModel.swift */; };
		CED2A549289D51D0007C6884 /* ProfilePhotoSelectorView.swift in Sources */ = {isa = PBXBuildFile; fileRef = CED2A548289D51D0007C6884 /* ProfilePhotoSelectorView.swift */; };
		CED2A54C289D6EB0007C6884 /* ImagePicker.swift in Sources */ = {isa = PBXBuildFile; fileRef = CED2A54B289D6EAF007C6884 /* ImagePicker.swift */; };
		CED2A54E289EBD2B007C6884 /* ImageUploader.swift in Sources */ = {isa = PBXBuildFile; fileRef = CED2A54D289EBD2A007C6884 /* ImageUploader.swift */; };
		CEEB4AEA28960135002FFB83 /* FeedView.swift in Sources */ = {isa = PBXBuildFile; fileRef = CEEB4AE928960135002FFB83 /* FeedView.swift */; };
		CEEB4AED2896019A002FFB83 /* TweetsRowView.swift in Sources */ = {isa = PBXBuildFile; fileRef = CEEB4AEC2896019A002FFB83 /* TweetsRowView.swift */; };
		CEEB4AF02896054D002FFB83 /* MainTabView.swift in Sources */ = {isa = PBXBuildFile; fileRef = CEEB4AEF2896054D002FFB83 /* MainTabView.swift */; };
		CEEB4AF628960614002FFB83 /* ExploreView.swift in Sources */ = {isa = PBXBuildFile; fileRef = CEEB4AF528960614002FFB83 /* ExploreView.swift */; };
		CEEB4AF82896061F002FFB83 /* NotificationsView.swift in Sources */ = {isa = PBXBuildFile; fileRef = CEEB4AF72896061F002FFB83 /* NotificationsView.swift */; };
		CEEB4AFA2896062A002FFB83 /* MessagesView.swift in Sources */ = {isa = PBXBuildFile; fileRef = CEEB4AF928960629002FFB83 /* MessagesView.swift */; };
		CEEB4AFE289606DB002FFB83 /* ProfileView.swift in Sources */ = {isa = PBXBuildFile; fileRef = CEEB4AFD289606DB002FFB83 /* ProfileView.swift */; };
		CEEB4B0028960C80002FFB83 /* TweetFilterViewModel.swift in Sources */ = {isa = PBXBuildFile; fileRef = CEEB4AFF28960C80002FFB83 /* TweetFilterViewModel.swift */; };
		CEEB4B05289610FE002FFB83 /* UserRowView.swift in Sources */ = {isa = PBXBuildFile; fileRef = CEEB4B04289610FE002FFB83 /* UserRowView.swift */; };
		CEEB4B0A289614CB002FFB83 /* SideMenuView.swift in Sources */ = {isa = PBXBuildFile; fileRef = CEEB4B09289614CB002FFB83 /* SideMenuView.swift */; };
		CEEB4B102896150C002FFB83 /* SideMenuViewModel.swift in Sources */ = {isa = PBXBuildFile; fileRef = CEEB4B0F2896150C002FFB83 /* SideMenuViewModel.swift */; };
/* End PBXBuildFile section */

/* Begin PBXFileReference section */
		CEB59D4B2893728D00C07949 /* Twitter_SwiftUIApp.swift */ = {isa = PBXFileReference; lastKnownFileType = sourcecode.swift; path = Twitter_SwiftUIApp.swift; sourceTree = "<group>"; };
		CEB59D4C2893728D00C07949 /* ContentView.swift */ = {isa = PBXFileReference; lastKnownFileType = sourcecode.swift; path = ContentView.swift; sourceTree = "<group>"; };
		CEB59D4D2893729000C07949 /* Assets.xcassets */ = {isa = PBXFileReference; lastKnownFileType = folder.assetcatalog; path = Assets.xcassets; sourceTree = "<group>"; };
		CEB59D522893729000C07949 /* Twitter_SwiftUI.app */ = {isa = PBXFileReference; explicitFileType = wrapper.application; includeInIndex = 0; path = Twitter_SwiftUI.app; sourceTree = BUILT_PRODUCTS_DIR; };
		CEB59D582893729000C07949 /* Twitter_SwiftUI.app */ = {isa = PBXFileReference; explicitFileType = wrapper.application; includeInIndex = 0; path = Twitter_SwiftUI.app; sourceTree = BUILT_PRODUCTS_DIR; };
		CEB59D5A2893729000C07949 /* macOS.entitlements */ = {isa = PBXFileReference; lastKnownFileType = text.plist.entitlements; path = macOS.entitlements; sourceTree = "<group>"; };
		CED2A520289873F8007C6884 /* UserStatsView.swift */ = {isa = PBXFileReference; lastKnownFileType = sourcecode.swift; path = UserStatsView.swift; sourceTree = "<group>"; };
		CED2A5222898794D007C6884 /* SideMenuOptionRowView.swift */ = {isa = PBXFileReference; lastKnownFileType = sourcecode.swift; path = SideMenuOptionRowView.swift; sourceTree = "<group>"; };
		CED2A527289A9684007C6884 /* NewTweetView.swift */ = {isa = PBXFileReference; lastKnownFileType = sourcecode.swift; path = NewTweetView.swift; sourceTree = "<group>"; };
		CED2A529289A97B3007C6884 /* TextArea.swift */ = {isa = PBXFileReference; lastKnownFileType = sourcecode.swift; path = TextArea.swift; sourceTree = "<group>"; };
		CED2A52E289C3240007C6884 /* LoginView.swift */ = {isa = PBXFileReference; lastKnownFileType = sourcecode.swift; path = LoginView.swift; sourceTree = "<group>"; };
		CED2A530289C3250007C6884 /* RegistrationView.swift */ = {isa = PBXFileReference; lastKnownFileType = sourcecode.swift; path = RegistrationView.swift; sourceTree = "<group>"; };
		CED2A532289C3380007C6884 /* RoundedShape.swift */ = {isa = PBXFileReference; lastKnownFileType = sourcecode.swift; path = RoundedShape.swift; sourceTree = "<group>"; };
		CED2A534289C3953007C6884 /* CustomInputField.swift */ = {isa = PBXFileReference; lastKnownFileType = sourcecode.swift; path = CustomInputField.swift; sourceTree = "<group>"; };
		CED2A539289C3BF5007C6884 /* AuthHeaderView.swift */ = {isa = PBXFileReference; lastKnownFileType = sourcecode.swift; path = AuthHeaderView.swift; sourceTree = "<group>"; };
		CED2A53B289C40B4007C6884 /* GoogleService-Info.plist */ = {isa = PBXFileReference; lastKnownFileType = text.plist; path = "GoogleService-Info.plist"; sourceTree = SOURCE_ROOT; };
		CED2A546289C44AA007C6884 /* AuthViewModel.swift */ = {isa = PBXFileReference; lastKnownFileType = sourcecode.swift; path = AuthViewModel.swift; sourceTree = "<group>"; };
		CED2A548289D51D0007C6884 /* ProfilePhotoSelectorView.swift */ = {isa = PBXFileReference; lastKnownFileType = sourcecode.swift; path = ProfilePhotoSelectorView.swift; sourceTree = "<group>"; };
		CED2A54B289D6EAF007C6884 /* ImagePicker.swift */ = {isa = PBXFileReference; lastKnownFileType = sourcecode.swift; path = ImagePicker.swift; sourceTree = "<group>"; };
		CED2A54D289EBD2A007C6884 /* ImageUploader.swift */ = {isa = PBXFileReference; lastKnownFileType = sourcecode.swift; path = ImageUploader.swift; sourceTree = "<group>"; };
		CEEB4AE928960135002FFB83 /* FeedView.swift */ = {isa = PBXFileReference; lastKnownFileType = sourcecode.swift; path = FeedView.swift; sourceTree = "<group>"; };
		CEEB4AEC2896019A002FFB83 /* TweetsRowView.swift */ = {isa = PBXFileReference; lastKnownFileType = sourcecode.swift; path = TweetsRowView.swift; sourceTree = "<group>"; };
		CEEB4AEF2896054D002FFB83 /* MainTabView.swift */ = {isa = PBXFileReference; lastKnownFileType = sourcecode.swift; path = MainTabView.swift; sourceTree = "<group>"; };
		CEEB4AF528960614002FFB83 /* ExploreView.swift */ = {isa = PBXFileReference; lastKnownFileType = sourcecode.swift; path = ExploreView.swift; sourceTree = "<group>"; };
		CEEB4AF72896061F002FFB83 /* NotificationsView.swift */ = {isa = PBXFileReference; lastKnownFileType = sourcecode.swift; path = NotificationsView.swift; sourceTree = "<group>"; };
		CEEB4AF928960629002FFB83 /* MessagesView.swift */ = {isa = PBXFileReference; lastKnownFileType = sourcecode.swift; path = MessagesView.swift; sourceTree = "<group>"; };
		CEEB4AFD289606DB002FFB83 /* ProfileView.swift */ = {isa = PBXFileReference; lastKnownFileType = sourcecode.swift; path = ProfileView.swift; sourceTree = "<group>"; };
		CEEB4AFF28960C80002FFB83 /* TweetFilterViewModel.swift */ = {isa = PBXFileReference; lastKnownFileType = sourcecode.swift; path = TweetFilterViewModel.swift; sourceTree = "<group>"; };
		CEEB4B04289610FE002FFB83 /* UserRowView.swift */ = {isa = PBXFileReference; lastKnownFileType = sourcecode.swift; path = UserRowView.swift; sourceTree = "<group>"; };
		CEEB4B09289614CB002FFB83 /* SideMenuView.swift */ = {isa = PBXFileReference; lastKnownFileType = sourcecode.swift; path = SideMenuView.swift; sourceTree = "<group>"; };
		CEEB4B0F2896150C002FFB83 /* SideMenuViewModel.swift */ = {isa = PBXFileReference; lastKnownFileType = sourcecode.swift; path = SideMenuViewModel.swift; sourceTree = "<group>"; };
/* End PBXFileReference section */

/* Begin PBXFrameworksBuildPhase section */
		CEB59D4F2893729000C07949 /* Frameworks */ = {
			isa = PBXFrameworksBuildPhase;
			buildActionMask = 2147483647;
			files = (
				CED2A53F289C4307007C6884 /* FirebaseAuth in Frameworks */,
				CED2A545289C4307007C6884 /* FirebaseStorage in Frameworks */,
				CED2A541289C4307007C6884 /* FirebaseFirestore in Frameworks */,
				CED2A543289C4307007C6884 /* FirebaseFirestoreSwift in Frameworks */,
			);
			runOnlyForDeploymentPostprocessing = 0;
		};
		CEB59D552893729000C07949 /* Frameworks */ = {
			isa = PBXFrameworksBuildPhase;
			buildActionMask = 2147483647;
			files = (
			);
			runOnlyForDeploymentPostprocessing = 0;
		};
/* End PBXFrameworksBuildPhase section */

/* Begin PBXGroup section */
		CEB59D452893728D00C07949 = {
			isa = PBXGroup;
			children = (
				CEB59D4A2893728D00C07949 /* Shared */,
				CEB59D592893729000C07949 /* macOS */,
				CEB59D532893729000C07949 /* Products */,
			);
			sourceTree = "<group>";
		};
		CEB59D4A2893728D00C07949 /* Shared */ = {
			isa = PBXGroup;
			children = (
				CED2A54A289D6E9D007C6884 /* Utils */,
				CEEB4AE4289600D8002FFB83 /* Core */,
				CEEB4AE3289600CF002FFB83 /* Service */,
				CEEB4AE2289600C7002FFB83 /* Model */,
				CEEB4AE1289600AC002FFB83 /* Extensions */,
				CEB59D4B2893728D00C07949 /* Twitter_SwiftUIApp.swift */,
				CEB59D4C2893728D00C07949 /* ContentView.swift */,
				CEB59D4D2893729000C07949 /* Assets.xcassets */,
				CED2A53B289C40B4007C6884 /* GoogleService-Info.plist */,
			);
			path = Shared;
			sourceTree = "<group>";
		};
		CEB59D532893729000C07949 /* Products */ = {
			isa = PBXGroup;
			children = (
				CEB59D522893729000C07949 /* Twitter_SwiftUI.app */,
				CEB59D582893729000C07949 /* Twitter_SwiftUI.app */,
			);
			name = Products;
			sourceTree = "<group>";
		};
		CEB59D592893729000C07949 /* macOS */ = {
			isa = PBXGroup;
			children = (
				CEB59D5A2893729000C07949 /* macOS.entitlements */,
			);
			path = macOS;
			sourceTree = "<group>";
		};
		CED2A524289A964D007C6884 /* UploadTweets */ = {
			isa = PBXGroup;
			children = (
				CED2A526289A966D007C6884 /* View */,
				CED2A525289A965A007C6884 /* ViewModels */,
			);
			path = UploadTweets;
			sourceTree = "<group>";
		};
		CED2A525289A965A007C6884 /* ViewModels */ = {
			isa = PBXGroup;
			children = (
			);
			path = ViewModels;
			sourceTree = "<group>";
		};
		CED2A526289A966D007C6884 /* View */ = {
			isa = PBXGroup;
			children = (
				CED2A527289A9684007C6884 /* NewTweetView.swift */,
			);
			path = View;
			sourceTree = "<group>";
		};
		CED2A52B289A9A86007C6884 /* Authentication */ = {
			isa = PBXGroup;
			children = (
				CED2A52D289A9A97007C6884 /* ViewModel */,
				CED2A52C289A9A92007C6884 /* View */,
			);
			path = Authentication;
			sourceTree = "<group>";
		};
		CED2A52C289A9A92007C6884 /* View */ = {
			isa = PBXGroup;
			children = (
				CED2A52E289C3240007C6884 /* LoginView.swift */,
				CED2A530289C3250007C6884 /* RegistrationView.swift */,
				CED2A548289D51D0007C6884 /* ProfilePhotoSelectorView.swift */,
			);
			path = View;
			sourceTree = "<group>";
		};
		CED2A52D289A9A97007C6884 /* ViewModel */ = {
			isa = PBXGroup;
			children = (
				CED2A546289C44AA007C6884 /* AuthViewModel.swift */,
			);
			path = ViewModel;
			sourceTree = "<group>";
		};
		CED2A536289C3B5D007C6884 /* Authentication */ = {
			isa = PBXGroup;
			children = (
				CED2A539289C3BF5007C6884 /* AuthHeaderView.swift */,
			);
			path = Authentication;
			sourceTree = "<group>";
		};
		CED2A54A289D6E9D007C6884 /* Utils */ = {
			isa = PBXGroup;
			children = (
				CED2A54B289D6EAF007C6884 /* ImagePicker.swift */,
			);
			path = Utils;
			sourceTree = "<group>";
		};
		CEEB4AE1289600AC002FFB83 /* Extensions */ = {
			isa = PBXGroup;
			children = (
			);
			path = Extensions;
			sourceTree = "<group>";
		};
		CEEB4AE2289600C7002FFB83 /* Model */ = {
			isa = PBXGroup;
			children = (
			);
			path = Model;
			sourceTree = "<group>";
		};
		CEEB4AE3289600CF002FFB83 /* Service */ = {
			isa = PBXGroup;
			children = (
				CED2A54D289EBD2A007C6884 /* ImageUploader.swift */,
			);
			path = Service;
			sourceTree = "<group>";
		};
		CEEB4AE4289600D8002FFB83 /* Core */ = {
			isa = PBXGroup;
			children = (
				CED2A52B289A9A86007C6884 /* Authentication */,
				CED2A524289A964D007C6884 /* UploadTweets */,
				CEEB4B06289614A1002FFB83 /* SideMenu */,
				CEEB4AF428960601002FFB83 /* Profile */,
				CEEB4AF3289605F2002FFB83 /* Messages */,
				CEEB4AF2289605EB002FFB83 /* Notifications */,
				CEEB4AF1289605E4002FFB83 /* Explore */,
				CEEB4AEE2896053C002FFB83 /* MainTab */,
				CEEB4AE6289600DF002FFB83 /* Components */,
				CEEB4AE5289600DC002FFB83 /* Feed */,
			);
			path = Core;
			sourceTree = "<group>";
		};
		CEEB4AE5289600DC002FFB83 /* Feed */ = {
			isa = PBXGroup;
			children = (
				CEEB4AE728960114002FFB83 /* ViewModels */,
				CEEB4AE82896011E002FFB83 /* View */,
			);
			path = Feed;
			sourceTree = "<group>";
		};
		CEEB4AE6289600DF002FFB83 /* Components */ = {
			isa = PBXGroup;
			children = (
				CED2A536289C3B5D007C6884 /* Authentication */,
				CEEB4B03289610ED002FFB83 /* Users */,
				CEEB4AEB28960185002FFB83 /* Tweets */,
				CED2A529289A97B3007C6884 /* TextArea.swift */,
				CED2A532289C3380007C6884 /* RoundedShape.swift */,
				CED2A534289C3953007C6884 /* CustomInputField.swift */,
			);
			path = Components;
			sourceTree = "<group>";
		};
		CEEB4AE728960114002FFB83 /* ViewModels */ = {
			isa = PBXGroup;
			children = (
			);
			path = ViewModels;
			sourceTree = "<group>";
		};
		CEEB4AE82896011E002FFB83 /* View */ = {
			isa = PBXGroup;
			children = (
				CEEB4AE928960135002FFB83 /* FeedView.swift */,
			);
			path = View;
			sourceTree = "<group>";
		};
		CEEB4AEB28960185002FFB83 /* Tweets */ = {
			isa = PBXGroup;
			children = (
				CEEB4AEC2896019A002FFB83 /* TweetsRowView.swift */,
			);
			path = Tweets;
			sourceTree = "<group>";
		};
		CEEB4AEE2896053C002FFB83 /* MainTab */ = {
			isa = PBXGroup;
			children = (
				CEEB4AEF2896054D002FFB83 /* MainTabView.swift */,
			);
			path = MainTab;
			sourceTree = "<group>";
		};
		CEEB4AF1289605E4002FFB83 /* Explore */ = {
			isa = PBXGroup;
			children = (
				CEEB4B01289610C5002FFB83 /* ExploreModels */,
				CEEB4B02289610D1002FFB83 /* Views */,
			);
			path = Explore;
			sourceTree = "<group>";
		};
		CEEB4AF2289605EB002FFB83 /* Notifications */ = {
			isa = PBXGroup;
			children = (
				CEEB4AF72896061F002FFB83 /* NotificationsView.swift */,
			);
			path = Notifications;
			sourceTree = "<group>";
		};
		CEEB4AF3289605F2002FFB83 /* Messages */ = {
			isa = PBXGroup;
			children = (
				CEEB4AF928960629002FFB83 /* MessagesView.swift */,
			);
			path = Messages;
			sourceTree = "<group>";
		};
		CEEB4AF428960601002FFB83 /* Profile */ = {
			isa = PBXGroup;
			children = (
				CEEB4AFC289606C6002FFB83 /* Views */,
				CEEB4AFB289606BE002FFB83 /* ViewModels */,
			);
			path = Profile;
			sourceTree = "<group>";
		};
		CEEB4AFB289606BE002FFB83 /* ViewModels */ = {
			isa = PBXGroup;
			children = (
				CEEB4AFF28960C80002FFB83 /* TweetFilterViewModel.swift */,
			);
			path = ViewModels;
			sourceTree = "<group>";
		};
		CEEB4AFC289606C6002FFB83 /* Views */ = {
			isa = PBXGroup;
			children = (
				CEEB4AFD289606DB002FFB83 /* ProfileView.swift */,
			);
			path = Views;
			sourceTree = "<group>";
		};
		CEEB4B01289610C5002FFB83 /* ExploreModels */ = {
			isa = PBXGroup;
			children = (
			);
			path = ExploreModels;
			sourceTree = "<group>";
		};
		CEEB4B02289610D1002FFB83 /* Views */ = {
			isa = PBXGroup;
			children = (
				CEEB4AF528960614002FFB83 /* ExploreView.swift */,
			);
			path = Views;
			sourceTree = "<group>";
		};
		CEEB4B03289610ED002FFB83 /* Users */ = {
			isa = PBXGroup;
			children = (
				CEEB4B04289610FE002FFB83 /* UserRowView.swift */,
				CED2A520289873F8007C6884 /* UserStatsView.swift */,
			);
			path = Users;
			sourceTree = "<group>";
		};
		CEEB4B06289614A1002FFB83 /* SideMenu */ = {
			isa = PBXGroup;
			children = (
				CEEB4B07289614AA002FFB83 /* VideModel */,
				CEEB4B08289614B1002FFB83 /* View */,
			);
			path = SideMenu;
			sourceTree = "<group>";
		};
		CEEB4B07289614AA002FFB83 /* VideModel */ = {
			isa = PBXGroup;
			children = (
				CEEB4B0F2896150C002FFB83 /* SideMenuViewModel.swift */,
			);
			path = VideModel;
			sourceTree = "<group>";
		};
		CEEB4B08289614B1002FFB83 /* View */ = {
			isa = PBXGroup;
			children = (
				CEEB4B09289614CB002FFB83 /* SideMenuView.swift */,
				CED2A5222898794D007C6884 /* SideMenuOptionRowView.swift */,
			);
			path = View;
			sourceTree = "<group>";
		};
/* End PBXGroup section */

/* Begin PBXNativeTarget section */
		CEB59D512893729000C07949 /* Twitter_SwiftUI (iOS) */ = {
			isa = PBXNativeTarget;
			buildConfigurationList = CEB59D632893729000C07949 /* Build configuration list for PBXNativeTarget "Twitter_SwiftUI (iOS)" */;
			buildPhases = (
				CEB59D4E2893729000C07949 /* Sources */,
				CEB59D4F2893729000C07949 /* Frameworks */,
				CEB59D502893729000C07949 /* Resources */,
			);
			buildRules = (
			);
			dependencies = (
			);
			name = "Twitter_SwiftUI (iOS)";
			packageProductDependencies = (
				CED2A53E289C4307007C6884 /* FirebaseAuth */,
				CED2A540289C4307007C6884 /* FirebaseFirestore */,
				CED2A542289C4307007C6884 /* FirebaseFirestoreSwift */,
				CED2A544289C4307007C6884 /* FirebaseStorage */,
			);
			productName = "Twitter_SwiftUI (iOS)";
			productReference = CEB59D522893729000C07949 /* Twitter_SwiftUI.app */;
			productType = "com.apple.product-type.application";
		};
		CEB59D572893729000C07949 /* Twitter_SwiftUI (macOS) */ = {
			isa = PBXNativeTarget;
			buildConfigurationList = CEB59D662893729000C07949 /* Build configuration list for PBXNativeTarget "Twitter_SwiftUI (macOS)" */;
			buildPhases = (
				CEB59D542893729000C07949 /* Sources */,
				CEB59D552893729000C07949 /* Frameworks */,
				CEB59D562893729000C07949 /* Resources */,
			);
			buildRules = (
			);
			dependencies = (
			);
			name = "Twitter_SwiftUI (macOS)";
			productName = "Twitter_SwiftUI (macOS)";
			productReference = CEB59D582893729000C07949 /* Twitter_SwiftUI.app */;
			productType = "com.apple.product-type.application";
		};
/* End PBXNativeTarget section */

/* Begin PBXProject section */
		CEB59D462893728D00C07949 /* Project object */ = {
			isa = PBXProject;
			attributes = {
				BuildIndependentTargetsInParallel = 1;
				LastSwiftUpdateCheck = 1340;
				LastUpgradeCheck = 1340;
				TargetAttributes = {
					CEB59D512893729000C07949 = {
						CreatedOnToolsVersion = 13.4.1;
					};
					CEB59D572893729000C07949 = {
						CreatedOnToolsVersion = 13.4.1;
					};
				};
			};
			buildConfigurationList = CEB59D492893728D00C07949 /* Build configuration list for PBXProject "Twitter_SwiftUI" */;
			compatibilityVersion = "Xcode 13.0";
			developmentRegion = en;
			hasScannedForEncodings = 0;
			knownRegions = (
				en,
				Base,
			);
			mainGroup = CEB59D452893728D00C07949;
			packageReferences = (
				CED2A53D289C4307007C6884 /* XCRemoteSwiftPackageReference "firebase-ios-sdk" */,
			);
			productRefGroup = CEB59D532893729000C07949 /* Products */;
			projectDirPath = "";
			projectRoot = "";
			targets = (
				CEB59D512893729000C07949 /* Twitter_SwiftUI (iOS) */,
				CEB59D572893729000C07949 /* Twitter_SwiftUI (macOS) */,
			);
		};
/* End PBXProject section */

/* Begin PBXResourcesBuildPhase section */
		CEB59D502893729000C07949 /* Resources */ = {
			isa = PBXResourcesBuildPhase;
			buildActionMask = 2147483647;
			files = (
				CEB59D5F2893729000C07949 /* Assets.xcassets in Resources */,
				CED2A53C289C40B4007C6884 /* GoogleService-Info.plist in Resources */,
			);
			runOnlyForDeploymentPostprocessing = 0;
		};
		CEB59D562893729000C07949 /* Resources */ = {
			isa = PBXResourcesBuildPhase;
			buildActionMask = 2147483647;
			files = (
				CEB59D602893729000C07949 /* Assets.xcassets in Resources */,
			);
			runOnlyForDeploymentPostprocessing = 0;
		};
/* End PBXResourcesBuildPhase section */

/* Begin PBXSourcesBuildPhase section */
		CEB59D4E2893729000C07949 /* Sources */ = {
			isa = PBXSourcesBuildPhase;
			buildActionMask = 2147483647;
			files = (
				CEEB4AFA2896062A002FFB83 /* MessagesView.swift in Sources */,
				CEEB4AFE289606DB002FFB83 /* ProfileView.swift in Sources */,
				CED2A54C289D6EB0007C6884 /* ImagePicker.swift in Sources */,
				CEB59D5D2893729000C07949 /* ContentView.swift in Sources */,
				CED2A53A289C3BF5007C6884 /* AuthHeaderView.swift in Sources */,
				CED2A54E289EBD2B007C6884 /* ImageUploader.swift in Sources */,
				CEEB4AED2896019A002FFB83 /* TweetsRowView.swift in Sources */,
				CED2A535289C3953007C6884 /* CustomInputField.swift in Sources */,
				CEEB4B0028960C80002FFB83 /* TweetFilterViewModel.swift in Sources */,
				CEEB4AEA28960135002FFB83 /* FeedView.swift in Sources */,
				CED2A549289D51D0007C6884 /* ProfilePhotoSelectorView.swift in Sources */,
				CEEB4B0A289614CB002FFB83 /* SideMenuView.swift in Sources */,
				CEB59D5B2893729000C07949 /* Twitter_SwiftUIApp.swift in Sources */,
				CEEB4AF628960614002FFB83 /* ExploreView.swift in Sources */,
				CEEB4B102896150C002FFB83 /* SideMenuViewModel.swift in Sources */,
				CED2A52A289A97B3007C6884 /* TextArea.swift in Sources */,
				CED2A5232898794D007C6884 /* SideMenuOptionRowView.swift in Sources */,
				CED2A52F289C3240007C6884 /* LoginView.swift in Sources */,
				CED2A531289C3250007C6884 /* RegistrationView.swift in Sources */,
				CED2A528289A9684007C6884 /* NewTweetView.swift in Sources */,
				CED2A547289C44AA007C6884 /* AuthViewModel.swift in Sources */,
				CED2A533289C3380007C6884 /* RoundedShape.swift in Sources */,
				CEEB4B05289610FE002FFB83 /* UserRowView.swift in Sources */,
				CEEB4AF02896054D002FFB83 /* MainTabView.swift in Sources */,
				CEEB4AF82896061F002FFB83 /* NotificationsView.swift in Sources */,
				CED2A521289873F8007C6884 /* UserStatsView.swift in Sources */,
			);
			runOnlyForDeploymentPostprocessing = 0;
		};
		CEB59D542893729000C07949 /* Sources */ = {
			isa = PBXSourcesBuildPhase;
			buildActionMask = 2147483647;
			files = (
				CEB59D5E2893729000C07949 /* ContentView.swift in Sources */,
				CEB59D5C2893729000C07949 /* Twitter_SwiftUIApp.swift in Sources */,
			);
			runOnlyForDeploymentPostprocessing = 0;
		};
/* End PBXSourcesBuildPhase section */

/* Begin XCBuildConfiguration section */
		CEB59D612893729000C07949 /* Debug */ = {
			isa = XCBuildConfiguration;
			buildSettings = {
				ALWAYS_SEARCH_USER_PATHS = NO;
				CLANG_ANALYZER_NONNULL = YES;
				CLANG_ANALYZER_NUMBER_OBJECT_CONVERSION = YES_AGGRESSIVE;
				CLANG_CXX_LANGUAGE_STANDARD = "gnu++17";
				CLANG_ENABLE_MODULES = YES;
				CLANG_ENABLE_OBJC_ARC = YES;
				CLANG_ENABLE_OBJC_WEAK = YES;
				CLANG_WARN_BLOCK_CAPTURE_AUTORELEASING = YES;
				CLANG_WARN_BOOL_CONVERSION = YES;
				CLANG_WARN_COMMA = YES;
				CLANG_WARN_CONSTANT_CONVERSION = YES;
				CLANG_WARN_DEPRECATED_OBJC_IMPLEMENTATIONS = YES;
				CLANG_WARN_DIRECT_OBJC_ISA_USAGE = YES_ERROR;
				CLANG_WARN_DOCUMENTATION_COMMENTS = YES;
				CLANG_WARN_EMPTY_BODY = YES;
				CLANG_WARN_ENUM_CONVERSION = YES;
				CLANG_WARN_INFINITE_RECURSION = YES;
				CLANG_WARN_INT_CONVERSION = YES;
				CLANG_WARN_NON_LITERAL_NULL_CONVERSION = YES;
				CLANG_WARN_OBJC_IMPLICIT_RETAIN_SELF = YES;
				CLANG_WARN_OBJC_LITERAL_CONVERSION = YES;
				CLANG_WARN_OBJC_ROOT_CLASS = YES_ERROR;
				CLANG_WARN_QUOTED_INCLUDE_IN_FRAMEWORK_HEADER = YES;
				CLANG_WARN_RANGE_LOOP_ANALYSIS = YES;
				CLANG_WARN_STRICT_PROTOTYPES = YES;
				CLANG_WARN_SUSPICIOUS_MOVE = YES;
				CLANG_WARN_UNGUARDED_AVAILABILITY = YES_AGGRESSIVE;
				CLANG_WARN_UNREACHABLE_CODE = YES;
				CLANG_WARN__DUPLICATE_METHOD_MATCH = YES;
				COPY_PHASE_STRIP = NO;
				DEBUG_INFORMATION_FORMAT = dwarf;
				ENABLE_STRICT_OBJC_MSGSEND = YES;
				ENABLE_TESTABILITY = YES;
				GCC_C_LANGUAGE_STANDARD = gnu11;
				GCC_DYNAMIC_NO_PIC = NO;
				GCC_NO_COMMON_BLOCKS = YES;
				GCC_OPTIMIZATION_LEVEL = 0;
				GCC_PREPROCESSOR_DEFINITIONS = (
					"DEBUG=1",
					"$(inherited)",
				);
				GCC_WARN_64_TO_32_BIT_CONVERSION = YES;
				GCC_WARN_ABOUT_RETURN_TYPE = YES_ERROR;
				GCC_WARN_UNDECLARED_SELECTOR = YES;
				GCC_WARN_UNINITIALIZED_AUTOS = YES_AGGRESSIVE;
				GCC_WARN_UNUSED_FUNCTION = YES;
				GCC_WARN_UNUSED_VARIABLE = YES;
				MTL_ENABLE_DEBUG_INFO = INCLUDE_SOURCE;
				MTL_FAST_MATH = YES;
				ONLY_ACTIVE_ARCH = YES;
				SWIFT_ACTIVE_COMPILATION_CONDITIONS = DEBUG;
				SWIFT_OPTIMIZATION_LEVEL = "-Onone";
			};
			name = Debug;
		};
		CEB59D622893729000C07949 /* Release */ = {
			isa = XCBuildConfiguration;
			buildSettings = {
				ALWAYS_SEARCH_USER_PATHS = NO;
				CLANG_ANALYZER_NONNULL = YES;
				CLANG_ANALYZER_NUMBER_OBJECT_CONVERSION = YES_AGGRESSIVE;
				CLANG_CXX_LANGUAGE_STANDARD = "gnu++17";
				CLANG_ENABLE_MODULES = YES;
				CLANG_ENABLE_OBJC_ARC = YES;
				CLANG_ENABLE_OBJC_WEAK = YES;
				CLANG_WARN_BLOCK_CAPTURE_AUTORELEASING = YES;
				CLANG_WARN_BOOL_CONVERSION = YES;
				CLANG_WARN_COMMA = YES;
				CLANG_WARN_CONSTANT_CONVERSION = YES;
				CLANG_WARN_DEPRECATED_OBJC_IMPLEMENTATIONS = YES;
				CLANG_WARN_DIRECT_OBJC_ISA_USAGE = YES_ERROR;
				CLANG_WARN_DOCUMENTATION_COMMENTS = YES;
				CLANG_WARN_EMPTY_BODY = YES;
				CLANG_WARN_ENUM_CONVERSION = YES;
				CLANG_WARN_INFINITE_RECURSION = YES;
				CLANG_WARN_INT_CONVERSION = YES;
				CLANG_WARN_NON_LITERAL_NULL_CONVERSION = YES;
				CLANG_WARN_OBJC_IMPLICIT_RETAIN_SELF = YES;
				CLANG_WARN_OBJC_LITERAL_CONVERSION = YES;
				CLANG_WARN_OBJC_ROOT_CLASS = YES_ERROR;
				CLANG_WARN_QUOTED_INCLUDE_IN_FRAMEWORK_HEADER = YES;
				CLANG_WARN_RANGE_LOOP_ANALYSIS = YES;
				CLANG_WARN_STRICT_PROTOTYPES = YES;
				CLANG_WARN_SUSPICIOUS_MOVE = YES;
				CLANG_WARN_UNGUARDED_AVAILABILITY = YES_AGGRESSIVE;
				CLANG_WARN_UNREACHABLE_CODE = YES;
				CLANG_WARN__DUPLICATE_METHOD_MATCH = YES;
				COPY_PHASE_STRIP = NO;
				DEBUG_INFORMATION_FORMAT = "dwarf-with-dsym";
				ENABLE_NS_ASSERTIONS = NO;
				ENABLE_STRICT_OBJC_MSGSEND = YES;
				GCC_C_LANGUAGE_STANDARD = gnu11;
				GCC_NO_COMMON_BLOCKS = YES;
				GCC_WARN_64_TO_32_BIT_CONVERSION = YES;
				GCC_WARN_ABOUT_RETURN_TYPE = YES_ERROR;
				GCC_WARN_UNDECLARED_SELECTOR = YES;
				GCC_WARN_UNINITIALIZED_AUTOS = YES_AGGRESSIVE;
				GCC_WARN_UNUSED_FUNCTION = YES;
				GCC_WARN_UNUSED_VARIABLE = YES;
				MTL_ENABLE_DEBUG_INFO = NO;
				MTL_FAST_MATH = YES;
				SWIFT_COMPILATION_MODE = wholemodule;
				SWIFT_OPTIMIZATION_LEVEL = "-O";
			};
			name = Release;
		};
		CEB59D642893729000C07949 /* Debug */ = {
			isa = XCBuildConfiguration;
			buildSettings = {
				ASSETCATALOG_COMPILER_APPICON_NAME = AppIcon;
				ASSETCATALOG_COMPILER_GLOBAL_ACCENT_COLOR_NAME = AccentColor;
				CODE_SIGN_STYLE = Automatic;
				CURRENT_PROJECT_VERSION = 1;
				DEVELOPMENT_TEAM = 2U56DP6BMP;
				ENABLE_PREVIEWS = YES;
				GENERATE_INFOPLIST_FILE = YES;
				INFOPLIST_KEY_UIApplicationSceneManifest_Generation = YES;
				INFOPLIST_KEY_UIApplicationSupportsIndirectInputEvents = YES;
				INFOPLIST_KEY_UILaunchScreen_Generation = YES;
				INFOPLIST_KEY_UISupportedInterfaceOrientations_iPad = "UIInterfaceOrientationPortrait UIInterfaceOrientationPortraitUpsideDown UIInterfaceOrientationLandscapeLeft UIInterfaceOrientationLandscapeRight";
				INFOPLIST_KEY_UISupportedInterfaceOrientations_iPhone = "UIInterfaceOrientationPortrait UIInterfaceOrientationLandscapeLeft UIInterfaceOrientationLandscapeRight";
				IPHONEOS_DEPLOYMENT_TARGET = 15.5;
				LD_RUNPATH_SEARCH_PATHS = (
					"$(inherited)",
					"@executable_path/Frameworks",
				);
				MARKETING_VERSION = 1.0;
				PRODUCT_BUNDLE_IDENTIFIER = "com.andrealmeida.Twitter-SwiftUI";
				PRODUCT_NAME = Twitter_SwiftUI;
				SDKROOT = iphoneos;
				SWIFT_EMIT_LOC_STRINGS = YES;
				SWIFT_VERSION = 5.0;
				TARGETED_DEVICE_FAMILY = "1,2";
			};
			name = Debug;
		};
		CEB59D652893729000C07949 /* Release */ = {
			isa = XCBuildConfiguration;
			buildSettings = {
				ASSETCATALOG_COMPILER_APPICON_NAME = AppIcon;
				ASSETCATALOG_COMPILER_GLOBAL_ACCENT_COLOR_NAME = AccentColor;
				CODE_SIGN_STYLE = Automatic;
				CURRENT_PROJECT_VERSION = 1;
				DEVELOPMENT_TEAM = 2U56DP6BMP;
				ENABLE_PREVIEWS = YES;
				GENERATE_INFOPLIST_FILE = YES;
				INFOPLIST_KEY_UIApplicationSceneManifest_Generation = YES;
				INFOPLIST_KEY_UIApplicationSupportsIndirectInputEvents = YES;
				INFOPLIST_KEY_UILaunchScreen_Generation = YES;
				INFOPLIST_KEY_UISupportedInterfaceOrientations_iPad = "UIInterfaceOrientationPortrait UIInterfaceOrientationPortraitUpsideDown UIInterfaceOrientationLandscapeLeft UIInterfaceOrientationLandscapeRight";
				INFOPLIST_KEY_UISupportedInterfaceOrientations_iPhone = "UIInterfaceOrientationPortrait UIInterfaceOrientationLandscapeLeft UIInterfaceOrientationLandscapeRight";
				IPHONEOS_DEPLOYMENT_TARGET = 15.5;
				LD_RUNPATH_SEARCH_PATHS = (
					"$(inherited)",
					"@executable_path/Frameworks",
				);
				MARKETING_VERSION = 1.0;
				PRODUCT_BUNDLE_IDENTIFIER = "com.andrealmeida.Twitter-SwiftUI";
				PRODUCT_NAME = Twitter_SwiftUI;
				SDKROOT = iphoneos;
				SWIFT_EMIT_LOC_STRINGS = YES;
				SWIFT_VERSION = 5.0;
				TARGETED_DEVICE_FAMILY = "1,2";
				VALIDATE_PRODUCT = YES;
			};
			name = Release;
		};
		CEB59D672893729000C07949 /* Debug */ = {
			isa = XCBuildConfiguration;
			buildSettings = {
				ASSETCATALOG_COMPILER_APPICON_NAME = AppIcon;
				ASSETCATALOG_COMPILER_GLOBAL_ACCENT_COLOR_NAME = AccentColor;
				CODE_SIGN_ENTITLEMENTS = macOS/macOS.entitlements;
				CODE_SIGN_STYLE = Automatic;
				COMBINE_HIDPI_IMAGES = YES;
				CURRENT_PROJECT_VERSION = 1;
				DEVELOPMENT_TEAM = 2U56DP6BMP;
				ENABLE_HARDENED_RUNTIME = YES;
				ENABLE_PREVIEWS = YES;
				GENERATE_INFOPLIST_FILE = YES;
				INFOPLIST_KEY_NSHumanReadableCopyright = "";
				LD_RUNPATH_SEARCH_PATHS = (
					"$(inherited)",
					"@executable_path/../Frameworks",
				);
				MACOSX_DEPLOYMENT_TARGET = 12.3;
				MARKETING_VERSION = 1.0;
				PRODUCT_BUNDLE_IDENTIFIER = "com.andrealmeida.Twitter-SwiftUI";
				PRODUCT_NAME = Twitter_SwiftUI;
				SDKROOT = macosx;
				SWIFT_EMIT_LOC_STRINGS = YES;
				SWIFT_VERSION = 5.0;
			};
			name = Debug;
		};
		CEB59D682893729000C07949 /* Release */ = {
			isa = XCBuildConfiguration;
			buildSettings = {
				ASSETCATALOG_COMPILER_APPICON_NAME = AppIcon;
				ASSETCATALOG_COMPILER_GLOBAL_ACCENT_COLOR_NAME = AccentColor;
				CODE_SIGN_ENTITLEMENTS = macOS/macOS.entitlements;
				CODE_SIGN_STYLE = Automatic;
				COMBINE_HIDPI_IMAGES = YES;
				CURRENT_PROJECT_VERSION = 1;
				DEVELOPMENT_TEAM = 2U56DP6BMP;
				ENABLE_HARDENED_RUNTIME = YES;
				ENABLE_PREVIEWS = YES;
				GENERATE_INFOPLIST_FILE = YES;
				INFOPLIST_KEY_NSHumanReadableCopyright = "";
				LD_RUNPATH_SEARCH_PATHS = (
					"$(inherited)",
					"@executable_path/../Frameworks",
				);
				MACOSX_DEPLOYMENT_TARGET = 12.3;
				MARKETING_VERSION = 1.0;
				PRODUCT_BUNDLE_IDENTIFIER = "com.andrealmeida.Twitter-SwiftUI";
				PRODUCT_NAME = Twitter_SwiftUI;
				SDKROOT = macosx;
				SWIFT_EMIT_LOC_STRINGS = YES;
				SWIFT_VERSION = 5.0;
			};
			name = Release;
		};
/* End XCBuildConfiguration section */

/* Begin XCConfigurationList section */
		CEB59D492893728D00C07949 /* Build configuration list for PBXProject "Twitter_SwiftUI" */ = {
			isa = XCConfigurationList;
			buildConfigurations = (
				CEB59D612893729000C07949 /* Debug */,
				CEB59D622893729000C07949 /* Release */,
			);
			defaultConfigurationIsVisible = 0;
			defaultConfigurationName = Release;
		};
		CEB59D632893729000C07949 /* Build configuration list for PBXNativeTarget "Twitter_SwiftUI (iOS)" */ = {
			isa = XCConfigurationList;
			buildConfigurations = (
				CEB59D642893729000C07949 /* Debug */,
				CEB59D652893729000C07949 /* Release */,
			);
			defaultConfigurationIsVisible = 0;
			defaultConfigurationName = Release;
		};
		CEB59D662893729000C07949 /* Build configuration list for PBXNativeTarget "Twitter_SwiftUI (macOS)" */ = {
			isa = XCConfigurationList;
			buildConfigurations = (
				CEB59D672893729000C07949 /* Debug */,
				CEB59D682893729000C07949 /* Release */,
			);
			defaultConfigurationIsVisible = 0;
			defaultConfigurationName = Release;
		};
/* End XCConfigurationList section */

/* Begin XCRemoteSwiftPackageReference section */
		CED2A53D289C4307007C6884 /* XCRemoteSwiftPackageReference "firebase-ios-sdk" */ = {
			isa = XCRemoteSwiftPackageReference;
			repositoryURL = "https://github.com/firebase/firebase-ios-sdk";
			requirement = {
				kind = upToNextMajorVersion;
				minimumVersion = 9.0.0;
			};
		};
/* End XCRemoteSwiftPackageReference section */

/* Begin XCSwiftPackageProductDependency section */
		CED2A53E289C4307007C6884 /* FirebaseAuth */ = {
			isa = XCSwiftPackageProductDependency;
			package = CED2A53D289C4307007C6884 /* XCRemoteSwiftPackageReference "firebase-ios-sdk" */;
			productName = FirebaseAuth;
		};
		CED2A540289C4307007C6884 /* FirebaseFirestore */ = {
			isa = XCSwiftPackageProductDependency;
			package = CED2A53D289C4307007C6884 /* XCRemoteSwiftPackageReference "firebase-ios-sdk" */;
			productName = FirebaseFirestore;
		};
		CED2A542289C4307007C6884 /* FirebaseFirestoreSwift */ = {
			isa = XCSwiftPackageProductDependency;
			package = CED2A53D289C4307007C6884 /* XCRemoteSwiftPackageReference "firebase-ios-sdk" */;
			productName = FirebaseFirestoreSwift;
		};
		CED2A544289C4307007C6884 /* FirebaseStorage */ = {
			isa = XCSwiftPackageProductDependency;
			package = CED2A53D289C4307007C6884 /* XCRemoteSwiftPackageReference "firebase-ios-sdk" */;
			productName = FirebaseStorage;
		};
/* End XCSwiftPackageProductDependency section */
	};
	rootObject = CEB59D462893728D00C07949 /* Project object */;
}
